
Microsoft Visual Studio Solution File, Format Version 12.00
# Visual Studio Version 17
VisualStudioVersion = 17.4.33122.133
MinimumVisualStudioVersion = 10.0.40219.1
Project("{FAE04EC0-301F-11D3-BF4B-00C04F79EFBC}") = "Functions", "Functions\Functions.csproj", "{C25BEFF5-0237-42BA-A7B6-91279DADC769}"
EndProject
Project("{FAE04EC0-301F-11D3-BF4B-00C04F79EFBC}") = "ArgumentsAndParameters", "ArgumentsAndParameters\ArgumentsAndParameters.csproj", "{D42F544B-0A39-4DD2-AB70-7B4007C17BCA}"
EndProject
Project("{FAE04EC0-301F-11D3-BF4B-00C04F79EFBC}") = "Calculator", "Calculator\Calculator.csproj", "{C7956EC5-3832-43EC-B6F4-E15FBCA13F6D}"
EndProject
Project("{FAE04EC0-301F-11D3-BF4B-00C04F79EFBC}") = "DiscountCalculator", "DiscountCalculator\DiscountCalculator.csproj", "{297B3254-C7D1-49E4-A28C-D0E847410C32}"
EndProject
Global
	GlobalSection(SolutionConfigurationPlatforms) = preSolution
		Debug|Any CPU = Debug|Any CPU
		Release|Any CPU = Release|Any CPU
	EndGlobalSection
	GlobalSection(ProjectConfigurationPlatforms) = postSolution
		{C25BEFF5-0237-42BA-A7B6-91279DADC769}.Debug|Any CPU.ActiveCfg = Debug|Any CPU
		{C25BEFF5-0237-42BA-A7B6-91279DADC769}.Debug|Any CPU.Build.0 = Debug|Any CPU
		{C25BEFF5-0237-42BA-A7B6-91279DADC769}.Release|Any CPU.ActiveCfg = Release|Any CPU
		{C25BEFF5-0237-42BA-A7B6-91279DADC769}.Release|Any CPU.Build.0 = Release|Any CPU
		{D42F544B-0A39-4DD2-AB70-7B4007C17BCA}.Debug|Any CPU.ActiveCfg = Debug|Any CPU
		{D42F544B-0A39-4DD2-AB70-7B4007C17BCA}.Debug|Any CPU.Build.0 = Debug|Any CPU
		{D42F544B-0A39-4DD2-AB70-7B4007C17BCA}.Release|Any CPU.ActiveCfg = Release|Any CPU
		{D42F544B-0A39-4DD2-AB70-7B4007C17BCA}.Release|Any CPU.Build.0 = Release|Any CPU
		{C7956EC5-3832-43EC-B6F4-E15FBCA13F6D}.Debug|Any CPU.ActiveCfg = Debug|Any CPU
		{C7956EC5-3832-43EC-B6F4-E15FBCA13F6D}.Debug|Any CPU.Build.0 = Debug|Any CPU
		{C7956EC5-3832-43EC-B6F4-E15FBCA13F6D}.Release|Any CPU.ActiveCfg = Release|Any CPU
		{C7956EC5-3832-43EC-B6F4-E15FBCA13F6D}.Release|Any CPU.Build.0 = Release|Any CPU
		{297B3254-C7D1-49E4-A28C-D0E847410C32}.Debug|Any CPU.ActiveCfg = Debug|Any CPU
		{297B3254-C7D1-49E4-A28C-D0E847410C32}.Debug|Any CPU.Build.0 = Debug|Any CPU
		{297B3254-C7D1-49E4-A28C-D0E847410C32}.Release|Any CPU.ActiveCfg = Release|Any CPU
		{297B3254-C7D1-49E4-A28C-D0E847410C32}.Release|Any CPU.Build.0 = Release|Any CPU
	EndGlobalSection
	GlobalSection(SolutionProperties) = preSolution
		HideSolutionNode = FALSE
	EndGlobalSection
	GlobalSection(ExtensibilityGlobals) = postSolution
		SolutionGuid = {92320169-E680-4F77-943D-060D17115126}
	EndGlobalSection
EndGlobal
